# This file is automatically @generated by Cargo.
# It is not intended for manual editing.
version = 4

[[package]]
name = "civiccast-ndi-ffmpeg-sender"
version = "0.1.0"
dependencies = [
 "ndi",
]

[[package]]
name = "ndi"
version = "0.1.2"
source = "registry+https://github.com/rust-lang/crates.io-index"
checksum = "0561be8b8e69176572143be0c30c6c25a3bb93a026d501d53ec884fdc0f3988d"
